
Microsoft Visual Studio Solution File, Format Version 12.00
# Visual Studio Version 16
VisualStudioVersion = 16.0.32106.194
MinimumVisualStudioVersion = 10.0.40219.1
Project("{FAE04EC0-301F-11D3-BF4B-00C04F79EFBC}") = "Pokedex_C_Sharp", "Pokedex_C_Sharp\Pokedex_C_Sharp.csproj", "{4C3AAE2B-4EE6-415E-B75C-EBBA9466E699}"
EndProject
Global
	GlobalSection(SolutionConfigurationPlatforms) = preSolution
		Debug|Any CPU = Debug|Any CPU
		Release|Any CPU = Release|Any CPU
	EndGlobalSection
	GlobalSection(ProjectConfigurationPlatforms) = postSolution
		{4C3AAE2B-4EE6-415E-B75C-EBBA9466E699}.Debug|Any CPU.ActiveCfg = Debug|Any CPU
		{4C3AAE2B-4EE6-415E-B75C-EBBA9466E699}.Debug|Any CPU.Build.0 = Debug|Any CPU
		{4C3AAE2B-4EE6-415E-B75C-EBBA9466E699}.Release|Any CPU.ActiveCfg = Release|Any CPU
		{4C3AAE2B-4EE6-415E-B75C-EBBA9466E699}.Release|Any CPU.Build.0 = Release|Any CPU
	EndGlobalSection
	GlobalSection(SolutionProperties) = preSolution
		HideSolutionNode = FALSE
	EndGlobalSection
	GlobalSection(ExtensibilityGlobals) = postSolution
		SolutionGuid = {04E30278-DDB6-406A-A9AE-7160FB131D25}
	EndGlobalSection
EndGlobal
